
Microsoft Visual Studio Solution File, Format Version 12.00
# Visual Studio 15
VisualStudioVersion = 15.0.27703.2047
MinimumVisualStudioVersion = 10.0.40219.1
Project("{FAE04EC0-301F-11D3-BF4B-00C04F79EFBC}") = "Invert", "Invert\Invert.csproj", "{310DABC2-BFC7-4739-B88F-B5BBB73748FA}"
EndProject
Project("{FAE04EC0-301F-11D3-BF4B-00C04F79EFBC}") = "Invert.Dev", "Invert.Dev\Invert.Dev.csproj", "{6FB9ADC6-B3EA-4275-A6B2-D8DD7510F39B}"
EndProject
Project("{FAE04EC0-301F-11D3-BF4B-00C04F79EFBC}") = "Invert.Test", "Invert.Test\Invert.Test.csproj", "{C5D18826-3FA8-40A6-B207-FC568E1420BA}"
EndProject
Global
	GlobalSection(SolutionConfigurationPlatforms) = preSolution
		Debug|Any CPU = Debug|Any CPU
		Release|Any CPU = Release|Any CPU
	EndGlobalSection
	GlobalSection(ProjectConfigurationPlatforms) = postSolution
		{310DABC2-BFC7-4739-B88F-B5BBB73748FA}.Debug|Any CPU.ActiveCfg = Debug|Any CPU
		{310DABC2-BFC7-4739-B88F-B5BBB73748FA}.Debug|Any CPU.Build.0 = Debug|Any CPU
		{310DABC2-BFC7-4739-B88F-B5BBB73748FA}.Release|Any CPU.ActiveCfg = Release|Any CPU
		{310DABC2-BFC7-4739-B88F-B5BBB73748FA}.Release|Any CPU.Build.0 = Release|Any CPU
		{6FB9ADC6-B3EA-4275-A6B2-D8DD7510F39B}.Debug|Any CPU.ActiveCfg = Debug|Any CPU
		{6FB9ADC6-B3EA-4275-A6B2-D8DD7510F39B}.Debug|Any CPU.Build.0 = Debug|Any CPU
		{6FB9ADC6-B3EA-4275-A6B2-D8DD7510F39B}.Release|Any CPU.ActiveCfg = Release|Any CPU
		{6FB9ADC6-B3EA-4275-A6B2-D8DD7510F39B}.Release|Any CPU.Build.0 = Release|Any CPU
		{C5D18826-3FA8-40A6-B207-FC568E1420BA}.Debug|Any CPU.ActiveCfg = Debug|Any CPU
		{C5D18826-3FA8-40A6-B207-FC568E1420BA}.Debug|Any CPU.Build.0 = Debug|Any CPU
		{C5D18826-3FA8-40A6-B207-FC568E1420BA}.Release|Any CPU.ActiveCfg = Release|Any CPU
		{C5D18826-3FA8-40A6-B207-FC568E1420BA}.Release|Any CPU.Build.0 = Release|Any CPU
	EndGlobalSection
	GlobalSection(SolutionProperties) = preSolution
		HideSolutionNode = FALSE
	EndGlobalSection
	GlobalSection(ExtensibilityGlobals) = postSolution
		SolutionGuid = {6AD1198A-AC22-46CD-943D-6DECC4A4AEAA}
	EndGlobalSection
EndGlobal
